
Microsoft Visual Studio Solution File, Format Version 12.00
# Visual Studio Version 17
VisualStudioVersion = 17.14.36623.8
MinimumVisualStudioVersion = 10.0.40219.1
Project("{FAE04EC0-301F-11D3-BF4B-00C04F79EFBC}") = "API", "RecetasDeCocina\API.csproj", "{408C6D9F-0C7A-4094-BC82-20670643E590}"
EndProject
Project("{FAE04EC0-301F-11D3-BF4B-00C04F79EFBC}") = "RecetasDeCocinaWeb", "RecetasDeCocinaWeb\RecetasDeCocinaWeb.csproj", "{421BDBEF-8BB3-4C32-8027-B29963016F26}"
EndProject
Global
	GlobalSection(SolutionConfigurationPlatforms) = preSolution
		Debug|Any CPU = Debug|Any CPU
		Release|Any CPU = Release|Any CPU
	EndGlobalSection
	GlobalSection(ProjectConfigurationPlatforms) = postSolution
		{408C6D9F-0C7A-4094-BC82-20670643E590}.Debug|Any CPU.ActiveCfg = Debug|Any CPU
		{408C6D9F-0C7A-4094-BC82-20670643E590}.Debug|Any CPU.Build.0 = Debug|Any CPU
		{408C6D9F-0C7A-4094-BC82-20670643E590}.Release|Any CPU.ActiveCfg = Release|Any CPU
		{408C6D9F-0C7A-4094-BC82-20670643E590}.Release|Any CPU.Build.0 = Release|Any CPU
		{421BDBEF-8BB3-4C32-8027-B29963016F26}.Debug|Any CPU.ActiveCfg = Debug|Any CPU
		{421BDBEF-8BB3-4C32-8027-B29963016F26}.Debug|Any CPU.Build.0 = Debug|Any CPU
		{421BDBEF-8BB3-4C32-8027-B29963016F26}.Release|Any CPU.ActiveCfg = Release|Any CPU
		{421BDBEF-8BB3-4C32-8027-B29963016F26}.Release|Any CPU.Build.0 = Release|Any CPU
	EndGlobalSection
	GlobalSection(SolutionProperties) = preSolution
		HideSolutionNode = FALSE
	EndGlobalSection
	GlobalSection(ExtensibilityGlobals) = postSolution
		SolutionGuid = {B1615F34-4C55-4905-B851-B51549346E7C}
	EndGlobalSection
EndGlobal
